
Microsoft Visual Studio Solution File, Format Version 12.00
# Visual Studio 15
VisualStudioVersion = 15.0.27130.2027
MinimumVisualStudioVersion = 10.0.40219.1
Project("{FAE04EC0-301F-11D3-BF4B-00C04F79EFBC}") = "KpdApps.Common.MsCrm2015", "KpdApps.Common.MsCrm2015.csproj", "{828DCAD3-FCDC-4D59-A0F9-C75AD0E77877}"
EndProject
Project("{2150E333-8FDC-42A3-9474-1A3956D46DE8}") = "Solution Items", "Solution Items", "{AA5FB275-FB34-4C5E-BB30-F7AD783C1D2C}"
	ProjectSection(SolutionItems) = preProject
		KpdApps.Common.MsCrm2015.nuspec = KpdApps.Common.MsCrm2015.nuspec
	EndProjectSection
EndProject
Global
	GlobalSection(SolutionConfigurationPlatforms) = preSolution
		Debug|Any CPU = Debug|Any CPU
		Release|Any CPU = Release|Any CPU
	EndGlobalSection
	GlobalSection(ProjectConfigurationPlatforms) = postSolution
		{828DCAD3-FCDC-4D59-A0F9-C75AD0E77877}.Debug|Any CPU.ActiveCfg = Debug|Any CPU
		{828DCAD3-FCDC-4D59-A0F9-C75AD0E77877}.Debug|Any CPU.Build.0 = Debug|Any CPU
		{828DCAD3-FCDC-4D59-A0F9-C75AD0E77877}.Release|Any CPU.ActiveCfg = Release|Any CPU
		{828DCAD3-FCDC-4D59-A0F9-C75AD0E77877}.Release|Any CPU.Build.0 = Release|Any CPU
	EndGlobalSection
	GlobalSection(SolutionProperties) = preSolution
		HideSolutionNode = FALSE
	EndGlobalSection
	GlobalSection(ExtensibilityGlobals) = postSolution
		SolutionGuid = {BAE31D54-A876-4D23-8325-9A051188F6C1}
	EndGlobalSection
EndGlobal
