
Microsoft Visual Studio Solution File, Format Version 12.00
# Visual Studio 15
VisualStudioVersion = 15.0.27703.2035
MinimumVisualStudioVersion = 10.0.40219.1
Project("{FAE04EC0-301F-11D3-BF4B-00C04F79EFBC}") = "KpdApps.Common.MsCrm2015", "KpdApps.Common.MsCrm2015.csproj", "{828DCAD3-FCDC-4D59-A0F9-C75AD0E77877}"
EndProject
Global
	GlobalSection(SolutionConfigurationPlatforms) = preSolution
		Debug|Any CPU = Debug|Any CPU
		Release|Any CPU = Release|Any CPU
	EndGlobalSection
	GlobalSection(ProjectConfigurationPlatforms) = postSolution
		{828DCAD3-FCDC-4D59-A0F9-C75AD0E77877}.Debug|Any CPU.ActiveCfg = Debug|Any CPU
		{828DCAD3-FCDC-4D59-A0F9-C75AD0E77877}.Debug|Any CPU.Build.0 = Debug|Any CPU
		{828DCAD3-FCDC-4D59-A0F9-C75AD0E77877}.Release|Any CPU.ActiveCfg = Release|Any CPU
		{828DCAD3-FCDC-4D59-A0F9-C75AD0E77877}.Release|Any CPU.Build.0 = Release|Any CPU
	EndGlobalSection
	GlobalSection(SolutionProperties) = preSolution
		HideSolutionNode = FALSE
	EndGlobalSection
	GlobalSection(ExtensibilityGlobals) = postSolution
		SolutionGuid = {2454FA47-3E42-4E1A-8990-690CB1EBCD44}
	EndGlobalSection
EndGlobal
